{
  "nodes": {
    "agenix": {
      "inputs": {
        "nixpkgs": [
          "nixpkgs"
        ]
      },
      "locked": {
        "lastModified": 1643841757,
        "narHash": "sha256-9tKhu4JzoZvustC9IEWK6wKcDhPLuK/ICbLgm8QnLnk=",
        "owner": "ryantm",
        "repo": "agenix",
        "rev": "a17d1f30550260f8b45764ddbd0391f4b1ed714a",
        "type": "github"
      },
      "original": {
        "owner": "ryantm",
        "repo": "agenix",
        "type": "github"
      }
    },
    "homemanager": {
      "inputs": {
        "nixpkgs": [
          "nixpkgs"
        ]
      },
      "locked": {
        "lastModified": 1645244400,
        "narHash": "sha256-o7KCd6ySFZ9/LbS62aTeuFmBWtP7Tt3Q3RcNjYgTgZU=",
        "owner": "nix-community",
        "repo": "home-manager",
        "rev": "0232fe1b75e6d7864fd82b5c72f6646f87838fc3",
        "type": "github"
      },
      "original": {
        "owner": "nix-community",
        "repo": "home-manager",
        "type": "github"
      }
    },
    "nixpkgs": {
      "locked": {
        "lastModified": 1645013224,
        "narHash": "sha256-b7OEC8vwzJv3rsz9pwnTX2LQDkeOWz2DbKypkVvNHXc=",
        "owner": "nixos",
        "repo": "nixpkgs",
        "rev": "b66b39216b1fef2d8c33cc7a5c72d8da80b79970",
        "type": "github"
      },
      "original": {
        "owner": "nixos",
        "ref": "nixpkgs-unstable",
        "repo": "nixpkgs",
        "type": "github"
      }
    },
    "nur": {
      "locked": {
        "lastModified": 1649019570,
        "narHash": "sha256-99HAN9z7H6+6mlgKyJg6EsQPMbecC/RMDMD2OaR8Qi0=",
        "owner": "nix-community",
        "repo": "NUR",
        "rev": "ea7bb07da9fe8266808f9571ebf5ad009558b8b5",
        "type": "github"
      },
      "original": {
        "owner": "nix-community",
        "repo": "NUR",
        "type": "github"
      }
    },
    "root": {
      "inputs": {
        "agenix": "agenix",
        "homemanager": "homemanager",
        "nixpkgs": "nixpkgs",
        "nur": "nur"
      }
    }
  },
  "root": "root",
  "version": 7
}
