{
  "nodes": {
    "agenix": {
      "inputs": {
        "nixpkgs": [
          "nixpkgs"
        ]
      },
      "locked": {
        "lastModified": 1665870395,
        "narHash": "sha256-Tsbqb27LDNxOoPLh0gw2hIb6L/6Ow/6lIBvqcHzEKBI=",
        "owner": "ryantm",
        "repo": "agenix",
        "rev": "a630400067c6d03c9b3e0455347dc8559db14288",
        "type": "github"
      },
      "original": {
        "owner": "ryantm",
        "repo": "agenix",
        "type": "github"
      }
    },
    "arion": {
      "inputs": {
        "nixpkgs": [
          "nixpkgs"
        ]
      },
      "locked": {
        "lastModified": 1664986582,
        "narHash": "sha256-syBM0apq0w/xDLvdTeLgW+NJ+JCZKVFbIrH+NwVL1EI=",
        "owner": "hercules-ci",
        "repo": "arion",
        "rev": "8159c4faa3502a571cf8b9347f4d4b49f35c4c9f",
        "type": "github"
      },
      "original": {
        "owner": "hercules-ci",
        "repo": "arion",
        "type": "github"
      }
    },
    "deployrs": {
      "inputs": {
        "flake-compat": "flake-compat",
        "nixpkgs": [
          "nixpkgs"
        ],
        "utils": "utils"
      },
      "locked": {
        "lastModified": 1659725433,
        "narHash": "sha256-1ZxuK67TL29YLw88vQ18Y2Y6iYg8Jb7I6/HVzmNB6nM=",
        "owner": "serokell",
        "repo": "deploy-rs",
        "rev": "41f15759dd8b638e7b4f299730d94d5aa46ab7eb",
        "type": "github"
      },
      "original": {
        "owner": "serokell",
        "repo": "deploy-rs",
        "type": "github"
      }
    },
    "flake-compat": {
      "flake": false,
      "locked": {
        "lastModified": 1648199409,
        "narHash": "sha256-JwPKdC2PoVBkG6E+eWw3j6BMR6sL3COpYWfif7RVb8Y=",
        "owner": "edolstra",
        "repo": "flake-compat",
        "rev": "64a525ee38886ab9028e6f61790de0832aa3ef03",
        "type": "github"
      },
      "original": {
        "owner": "edolstra",
        "repo": "flake-compat",
        "type": "github"
      }
    },
    "hardware": {
      "locked": {
        "lastModified": 1667768008,
        "narHash": "sha256-PGbX0s2hhXGnZDFVE6UIhPSOf5YegpWs5dUXpT/14F0=",
        "owner": "nixos",
        "repo": "nixos-hardware",
        "rev": "f6483e0def85efb9c1e884efbaff45a5e7aabb34",
        "type": "github"
      },
      "original": {
        "owner": "nixos",
        "repo": "nixos-hardware",
        "type": "github"
      }
    },
    "homemanager": {
      "inputs": {
        "nixpkgs": [
          "nixpkgs"
        ],
        "utils": "utils_2"
      },
      "locked": {
        "lastModified": 1667708081,
        "narHash": "sha256-FChEy05x4ed/pttjfTeKxjPCnHknMYrUtDyBiYbreT4=",
        "owner": "nix-community",
        "repo": "home-manager",
        "rev": "1ef0da321217c6c19b7a30509631c080a19321e5",
        "type": "github"
      },
      "original": {
        "owner": "nix-community",
        "repo": "home-manager",
        "type": "github"
      }
    },
    "nixpkgs": {
      "locked": {
        "lastModified": 1667629849,
        "narHash": "sha256-P+v+nDOFWicM4wziFK9S/ajF2lc0N2Rg9p6Y35uMoZI=",
        "owner": "nixos",
        "repo": "nixpkgs",
        "rev": "3bacde6273b09a21a8ccfba15586fb165078fb62",
        "type": "github"
      },
      "original": {
        "owner": "nixos",
        "ref": "nixos-unstable",
        "repo": "nixpkgs",
        "type": "github"
      }
    },
    "nur": {
      "locked": {
        "lastModified": 1668038359,
        "narHash": "sha256-xsEG4/ZoUpG7VWymXgRD2MAN0nkKneeD84f4RUpsNic=",
        "owner": "nix-community",
        "repo": "NUR",
        "rev": "71dadb246555d9acab72a953cdb051dcbd926464",
        "type": "github"
      },
      "original": {
        "owner": "nix-community",
        "repo": "NUR",
        "type": "github"
      }
    },
    "root": {
      "inputs": {
        "agenix": "agenix",
        "arion": "arion",
        "deployrs": "deployrs",
        "hardware": "hardware",
        "homemanager": "homemanager",
        "nixpkgs": "nixpkgs",
        "nur": "nur",
        "utils": "utils_3"
      }
    },
    "utils": {
      "locked": {
        "lastModified": 1648297722,
        "narHash": "sha256-W+qlPsiZd8F3XkzXOzAoR+mpFqzm3ekQkJNa+PIh1BQ=",
        "owner": "numtide",
        "repo": "flake-utils",
        "rev": "0f8662f1319ad6abf89b3380dd2722369fc51ade",
        "type": "github"
      },
      "original": {
        "owner": "numtide",
        "repo": "flake-utils",
        "type": "github"
      }
    },
    "utils_2": {
      "locked": {
        "lastModified": 1667395993,
        "narHash": "sha256-nuEHfE/LcWyuSWnS8t12N1wc105Qtau+/OdUAjtQ0rA=",
        "owner": "numtide",
        "repo": "flake-utils",
        "rev": "5aed5285a952e0b949eb3ba02c12fa4fcfef535f",
        "type": "github"
      },
      "original": {
        "owner": "numtide",
        "repo": "flake-utils",
        "type": "github"
      }
    },
    "utils_3": {
      "locked": {
        "lastModified": 1667395993,
        "narHash": "sha256-nuEHfE/LcWyuSWnS8t12N1wc105Qtau+/OdUAjtQ0rA=",
        "owner": "numtide",
        "repo": "flake-utils",
        "rev": "5aed5285a952e0b949eb3ba02c12fa4fcfef535f",
        "type": "github"
      },
      "original": {
        "owner": "numtide",
        "repo": "flake-utils",
        "type": "github"
      }
    }
  },
  "root": "root",
  "version": 7
}
